{
  "name": "webgl_engine",
  "version": "1.0.0",
  "lockfileVersion": 1,
  "requires": true,
  "dependencies": {
    "balanced-match": {
      "version": "1.0.0",
      "resolved": "https://registry.npmjs.org/balanced-match/-/balanced-match-1.0.0.tgz",
      "integrity": "sha1-ibTRmasr7kneFk6gK4nORi1xt2c="
    },
    "brace-expansion": {
      "version": "1.1.8",
      "resolved": "https://registry.npmjs.org/brace-expansion/-/brace-expansion-1.1.8.tgz",
      "integrity": "sha1-wHshHHyVLsH479Uad+8NHTmQopI=",
      "requires": {
        "balanced-match": "1.0.0",
        "concat-map": "0.0.1"
      }
    },
    "commander": {
      "version": "2.11.0",
      "resolved": "https://registry.npmjs.org/commander/-/commander-2.11.0.tgz",
      "integrity": "sha512-b0553uYA5YAEGgyYIGYROzKQ7X5RAqedkfjiZxwi0kL1g3bOaBNNZfYkzt/CL0umgD5wc9Jec2FbB98CjkMRvQ=="
    },
    "compare-versions": {
      "version": "2.0.1",
      "resolved": "https://registry.npmjs.org/compare-versions/-/compare-versions-2.0.1.tgz",
      "integrity": "sha1-Htwfk2h/2XoyXFn1XkWgfbEGrKY="
    },
    "concat-map": {
      "version": "0.0.1",
      "resolved": "https://registry.npmjs.org/concat-map/-/concat-map-0.0.1.tgz",
      "integrity": "sha1-2Klr13/Wjfd5OnMDajug1UBdR3s="
    },
    "estree-walker": {
      "version": "0.2.1",
      "resolved": "https://registry.npmjs.org/estree-walker/-/estree-walker-0.2.1.tgz",
      "integrity": "sha1-va/oCVOD2EFNXcLs9MkXO225QS4="
    },
    "minimatch": {
      "version": "3.0.4",
      "resolved": "https://registry.npmjs.org/minimatch/-/minimatch-3.0.4.tgz",
      "integrity": "sha512-yJHVQEhyqPLUTgt9B83PXu6W3rx4MvvHvSUvToogpwoGDOUQ+yDrR0HRot+yOCdCO7u4hX3pWft6kWBBcqh0UA==",
      "requires": {
        "brace-expansion": "1.1.8"
      }
    },
    "object-assign": {
      "version": "4.1.1",
      "resolved": "https://registry.npmjs.org/object-assign/-/object-assign-4.1.1.tgz",
      "integrity": "sha1-IQmtx5ZYh8/AXLvUQsrIv7s2CGM="
    },
    "rollup": {
      "version": "0.50.1",
      "resolved": "https://registry.npmjs.org/rollup/-/rollup-0.50.1.tgz",
      "integrity": "sha512-XwrnqjSTk+yR8GbP6hiJuVe83MVmBw/gm4P3qP34A10fRXvv6ppl0ZUg1+Pj1tIZSR/aw5ZaILLEiVxwXIAdAw=="
    },
    "rollup-plugin-typescript": {
      "version": "0.8.1",
      "resolved": "https://registry.npmjs.org/rollup-plugin-typescript/-/rollup-plugin-typescript-0.8.1.tgz",
      "integrity": "sha1-L/fuzCHPa7K0P8J+W2iJUs5xkko=",
      "requires": {
        "compare-versions": "2.0.1",
        "object-assign": "4.1.1",
        "rollup-pluginutils": "1.5.2",
        "tippex": "2.3.1",
        "typescript": "1.8.10"
      },
      "dependencies": {
        "typescript": {
          "version": "1.8.10",
          "resolved": "https://registry.npmjs.org/typescript/-/typescript-1.8.10.tgz",
          "integrity": "sha1-tHXW4N/wv1DyluXKbvn7tccyDx4="
        }
      }
    },
    "rollup-plugin-string": {
      "version": "2.0.2",
      "resolved": "https://registry.npmjs.org/rollup-plugin-string/-/rollup-plugin-string-2.0.2.tgz",
      "integrity": "sha1-9TI6Is/XOLRQy+piq2WTcF6sdEs=",
      "requires": {
        "rollup-pluginutils": "1.5.2"
      }
    },
    "rollup-plugin-typescript": {
      "version": "0.8.1",
      "resolved": "https://registry.npmjs.org/rollup-plugin-typescript/-/rollup-plugin-typescript-0.8.1.tgz",
      "integrity": "sha1-L/fuzCHPa7K0P8J+W2iJUs5xkko=",
      "requires": {
        "compare-versions": "2.0.1",
        "object-assign": "4.1.1",
        "rollup-pluginutils": "1.5.2",
        "tippex": "2.3.1",
        "typescript": "1.8.10"
      },
      "dependencies": {
        "typescript": {
          "version": "1.8.10",
          "resolved": "https://registry.npmjs.org/typescript/-/typescript-1.8.10.tgz",
          "integrity": "sha1-tHXW4N/wv1DyluXKbvn7tccyDx4="
        }
      }
    },
    "rollup-plugin-uglify": {
      "version": "2.0.1",
      "resolved": "https://registry.npmjs.org/rollup-plugin-uglify/-/rollup-plugin-uglify-2.0.1.tgz",
      "integrity": "sha1-Z7N60e/a+9g69MNrQMGJ7khmyWk=",
      "requires": {
        "uglify-js": "3.1.5"
      },
      "dependencies": {
        "uglify-js": {
          "version": "3.1.5",
          "resolved": "https://registry.npmjs.org/uglify-js/-/uglify-js-3.1.5.tgz",
          "integrity": "sha512-tSqlO7/GZHAVSw6mbtJt2kz0ZcUrKUH7Xg92o52aE+gL0r6cXiASZY4dpHqQ7RVGXmoQuPA2qAkG4TkP59f8XA==",
          "requires": {
            "commander": "2.11.0",
            "source-map": "0.6.1"
          }
        }
      }
    },
    "rollup-pluginutils": {
      "version": "1.5.2",
      "resolved": "https://registry.npmjs.org/rollup-pluginutils/-/rollup-pluginutils-1.5.2.tgz",
      "integrity": "sha1-HhVud4+UtyVb+hs9AXi+j1xVJAg=",
      "requires": {
        "estree-walker": "0.2.1",
        "minimatch": "3.0.4"
      }
    },
    "source-map": {
      "version": "0.6.1",
      "resolved": "https://registry.npmjs.org/source-map/-/source-map-0.6.1.tgz",
      "integrity": "sha512-UjgapumWlbMhkBgzT7Ykc5YXUT46F0iKu8SGXq0bcwP5dz/h0Plj6enJqjz1Zbq2l5WaqYnrVbwWOWMyF3F47g=="
    },
    "tippex": {
      "version": "2.3.1",
      "resolved": "https://registry.npmjs.org/tippex/-/tippex-2.3.1.tgz",
      "integrity": "sha1-ov1bcIfXy/sgyYBqbBYQjCwPr9o="
    },
    "typescript": {
      "version": "2.6.2",
      "resolved": "https://registry.npmjs.org/typescript/-/typescript-2.6.2.tgz",
      "integrity": "sha1-PFtv1/beCRQmkCfwPAlGdY92c6Q="
    },
    "uglify-es": {
      "version": "3.3.3",
      "resolved": "https://registry.npmjs.org/uglify-es/-/uglify-es-3.3.3.tgz",
      "integrity": "sha512-W6JcJbOOBoEWvxGt4Y3b/SKMSaS2RsD4Ds7gKpCM/wTiDvxbEKCVqOQWodz5lISFAkkKen6TOKf+ed5GpNouxw==",
      "requires": {
        "commander": "2.12.2",
        "source-map": "0.6.1"
      },
      "dependencies": {
        "commander": {
          "version": "2.12.2",
          "resolved": "https://registry.npmjs.org/commander/-/commander-2.12.2.tgz",
          "integrity": "sha512-BFnaq5ZOGcDN7FlrtBT4xxkgIToalIIxwjxLWVJ8bGTpe1LroqMiqQXdA7ygc7CRvaYS+9zfPGFnJqFSayx+AA=="
        }
      }
    }
  }
}
