{
  "name": "webgl_engine",
  "version": "1.0.0",
  "lockfileVersion": 1,
  "requires": true,
  "dependencies": {
    "commander": {
      "version": "2.11.0",
      "resolved": "https://registry.npmjs.org/commander/-/commander-2.11.0.tgz",
      "integrity": "sha512-b0553uYA5YAEGgyYIGYROzKQ7X5RAqedkfjiZxwi0kL1g3bOaBNNZfYkzt/CL0umgD5wc9Jec2FbB98CjkMRvQ=="
    },
    "rollup": {
      "version": "0.50.0",
      "resolved": "https://registry.npmjs.org/rollup/-/rollup-0.50.0.tgz",
      "integrity": "sha512-7RqCBQ9iwsOBPkjYgoIaeUij606mSkDMExP0NT7QDI3bqkHYQHrQ83uoNIXwPcQm/vP2VbsUz3kiyZZ1qPlLTQ=="
    },
    "rollup-plugin-uglify": {
      "version": "2.0.1",
      "resolved": "https://registry.npmjs.org/rollup-plugin-uglify/-/rollup-plugin-uglify-2.0.1.tgz",
      "integrity": "sha1-Z7N60e/a+9g69MNrQMGJ7khmyWk=",
      "requires": {
        "uglify-js": "3.1.5"
      },
      "dependencies": {
        "uglify-js": {
          "version": "3.1.5",
          "resolved": "https://registry.npmjs.org/uglify-js/-/uglify-js-3.1.5.tgz",
          "integrity": "sha512-tSqlO7/GZHAVSw6mbtJt2kz0ZcUrKUH7Xg92o52aE+gL0r6cXiASZY4dpHqQ7RVGXmoQuPA2qAkG4TkP59f8XA==",
          "requires": {
            "commander": "2.11.0",
            "source-map": "0.6.1"
          }
        }
      }
    },
    "source-map": {
      "version": "0.6.1",
      "resolved": "https://registry.npmjs.org/source-map/-/source-map-0.6.1.tgz",
      "integrity": "sha512-UjgapumWlbMhkBgzT7Ykc5YXUT46F0iKu8SGXq0bcwP5dz/h0Plj6enJqjz1Zbq2l5WaqYnrVbwWOWMyF3F47g=="
    },
    "typescript": {
      "version": "2.5.3",
      "resolved": "https://registry.npmjs.org/typescript/-/typescript-2.5.3.tgz",
      "integrity": "sha512-ptLSQs2S4QuS6/OD1eAKG+S5G8QQtrU5RT32JULdZQtM1L3WTi34Wsu48Yndzi8xsObRAB9RPt/KhA9wlpEF6w=="
    },
    "uglify-es": {
      "version": "3.1.5",
      "resolved": "https://registry.npmjs.org/uglify-es/-/uglify-es-3.1.5.tgz",
      "integrity": "sha512-l2PqhvUNmD5pOKiHMuE8TmlvvsghxvLcg+ffcg/obRn/qm0fXf+1Mi8N7tZZIi6zxQS+PbIvq39VCYxmK0QMYA==",
      "requires": {
        "commander": "2.11.0",
        "source-map": "0.6.1"
      }
    }
  }
}
