{
  "name": "webgl_engine",
  "version": "1.0.0",
  "lockfileVersion": 1,
  "requires": true,
  "dependencies": {
    "@types/babylonjs": {
      "version": "2.4.1",
      "resolved": "https://registry.npmjs.org/@types/babylonjs/-/babylonjs-2.4.1.tgz",
      "integrity": "sha1-Qy6aQHd7ylrv7BGK8Bj/V/sQmNo=",
      "dev": true,
      "requires": {
        "babylonjs": "3.1.0-alpha1"
      }
    },
    "babylonjs": {
      "version": "3.1.0-alpha1",
      "resolved": "https://registry.npmjs.org/babylonjs/-/babylonjs-3.1.0-alpha1.tgz",
      "integrity": "sha1-+xR77rnYn3pxxlv59c7ryXGX+bU="
    }
  }
}
